// !$*UTF8*$!
{
	archiveVersion = 1;
	classes = {
	};
	objectVersion = 55;
	objects = {

/* Begin PBXBuildFile section */
		E094871B28805A670099CD4A /* AppDelegate.swift in Sources */ = {isa = PBXBuildFile; fileRef = E094871A28805A670099CD4A /* AppDelegate.swift */; };
		E094871D28805A670099CD4A /* SceneDelegate.swift in Sources */ = {isa = PBXBuildFile; fileRef = E094871C28805A670099CD4A /* SceneDelegate.swift */; };
		E094871F28805A670099CD4A /* CityListTableViewController.swift in Sources */ = {isa = PBXBuildFile; fileRef = E094871E28805A670099CD4A /* CityListTableViewController.swift */; };
		E094872228805A670099CD4A /* CityList.storyboard in Resources */ = {isa = PBXBuildFile; fileRef = E094872028805A670099CD4A /* CityList.storyboard */; };
		E094872528805A670099CD4A /* psaweatherconsult.xcdatamodeld in Sources */ = {isa = PBXBuildFile; fileRef = E094872328805A670099CD4A /* psaweatherconsult.xcdatamodeld */; };
		E094872728805A6A0099CD4A /* Assets.xcassets in Resources */ = {isa = PBXBuildFile; fileRef = E094872628805A6A0099CD4A /* Assets.xcassets */; };
		E094872A28805A6A0099CD4A /* LaunchScreen.storyboard in Resources */ = {isa = PBXBuildFile; fileRef = E094872828805A6A0099CD4A /* LaunchScreen.storyboard */; };
		E094873528805A6B0099CD4A /* psaweatherconsultTests.swift in Sources */ = {isa = PBXBuildFile; fileRef = E094873428805A6B0099CD4A /* psaweatherconsultTests.swift */; };
		E094873F28805A6B0099CD4A /* psaweatherconsultUITests.swift in Sources */ = {isa = PBXBuildFile; fileRef = E094873E28805A6B0099CD4A /* psaweatherconsultUITests.swift */; };
		E094874128805A6B0099CD4A /* psaweatherconsultUITestsLaunchTests.swift in Sources */ = {isa = PBXBuildFile; fileRef = E094874028805A6B0099CD4A /* psaweatherconsultUITestsLaunchTests.swift */; };
		E09487B528807E510099CD4A /* ApplicationError.swift in Sources */ = {isa = PBXBuildFile; fileRef = E094877928807E500099CD4A /* ApplicationError.swift */; };
		E09487B628807E510099CD4A /* Parser.swift in Sources */ = {isa = PBXBuildFile; fileRef = E094877A28807E500099CD4A /* Parser.swift */; };
		E09487B728807E510099CD4A /* RequestBuilder.swift in Sources */ = {isa = PBXBuildFile; fileRef = E094877C28807E500099CD4A /* RequestBuilder.swift */; };
		E09487C728807E510099CD4A /* GetCityInfosAPIRouter.swift in Sources */ = {isa = PBXBuildFile; fileRef = E094878E28807E500099CD4A /* GetCityInfosAPIRouter.swift */; };
		E09487C928807E510099CD4A /* NetworkRouter.swift in Sources */ = {isa = PBXBuildFile; fileRef = E094879028807E500099CD4A /* NetworkRouter.swift */; };
		E09487CE28807E510099CD4A /* NetworkHTTPMethod.swift in Sources */ = {isa = PBXBuildFile; fileRef = E094879528807E500099CD4A /* NetworkHTTPMethod.swift */; };
		E09487D728807E510099CD4A /* RequestContentType.swift in Sources */ = {isa = PBXBuildFile; fileRef = E094879E28807E510099CD4A /* RequestContentType.swift */; };
		E09487D828807E510099CD4A /* APINetworkRouter.swift in Sources */ = {isa = PBXBuildFile; fileRef = E094879F28807E510099CD4A /* APINetworkRouter.swift */; };
		E09487DC28807E510099CD4A /* NetworkServiceFactory.swift in Sources */ = {isa = PBXBuildFile; fileRef = E09487A428807E510099CD4A /* NetworkServiceFactory.swift */; };
		E09487DD28807E510099CD4A /* NetworkService.swift in Sources */ = {isa = PBXBuildFile; fileRef = E09487A528807E510099CD4A /* NetworkService.swift */; };
		E09487DE28807E510099CD4A /* NetworkManagerResponseHandler.swift in Sources */ = {isa = PBXBuildFile; fileRef = E09487A728807E510099CD4A /* NetworkManagerResponseHandler.swift */; };
		E09487DF28807E510099CD4A /* Logger.swift in Sources */ = {isa = PBXBuildFile; fileRef = E09487A928807E510099CD4A /* Logger.swift */; };
		E09487E428807E510099CD4A /* Data+Extensions.swift in Sources */ = {isa = PBXBuildFile; fileRef = E09487AF28807E510099CD4A /* Data+Extensions.swift */; };
		E09487E628807E510099CD4A /* NetworkManager.swift in Sources */ = {isa = PBXBuildFile; fileRef = E09487B228807E510099CD4A /* NetworkManager.swift */; };
		E09487E8288080920099CD4A /* City.swift in Sources */ = {isa = PBXBuildFile; fileRef = E09487E7288080920099CD4A /* City.swift */; };
		E09487EA2880809E0099CD4A /* CityWeather.swift in Sources */ = {isa = PBXBuildFile; fileRef = E09487E92880809E0099CD4A /* CityWeather.swift */; };
		E09487EC288081840099CD4A /* AddCityWorker.swift in Sources */ = {isa = PBXBuildFile; fileRef = E09487EB288081840099CD4A /* AddCityWorker.swift */; };
		E09487EE2881574B0099CD4A /* AddCity.storyboard in Resources */ = {isa = PBXBuildFile; fileRef = E09487ED2881574B0099CD4A /* AddCity.storyboard */; };
		E09487F028815C420099CD4A /* AddCityViewController.swift in Sources */ = {isa = PBXBuildFile; fileRef = E09487EF28815C420099CD4A /* AddCityViewController.swift */; };
		E09487F22881638D0099CD4A /* Constants.swift in Sources */ = {isa = PBXBuildFile; fileRef = E09487F12881638D0099CD4A /* Constants.swift */; };
		E09487F4288165220099CD4A /* WeatherDetailsViewController.swift in Sources */ = {isa = PBXBuildFile; fileRef = E09487F3288165220099CD4A /* WeatherDetailsViewController.swift */; };
		E09487F62881653C0099CD4A /* WeatherDetailsProtocol.swift in Sources */ = {isa = PBXBuildFile; fileRef = E09487F52881653C0099CD4A /* WeatherDetailsProtocol.swift */; };
		E09487F82881654C0099CD4A /* WeatherDetailsPresenter.swift in Sources */ = {isa = PBXBuildFile; fileRef = E09487F72881654C0099CD4A /* WeatherDetailsPresenter.swift */; };
		E09487FC28816B380099CD4A /* AddCityProtocol.swift in Sources */ = {isa = PBXBuildFile; fileRef = E09487FB28816B380099CD4A /* AddCityProtocol.swift */; };
		E09487FE28816B4A0099CD4A /* AddCityPresenter.swift in Sources */ = {isa = PBXBuildFile; fileRef = E09487FD28816B4A0099CD4A /* AddCityPresenter.swift */; };
		E094880028816B920099CD4A /* CityListProtocol.swift in Sources */ = {isa = PBXBuildFile; fileRef = E09487FF28816B920099CD4A /* CityListProtocol.swift */; };
		E094880228816B9E0099CD4A /* CityListPresenter.swift in Sources */ = {isa = PBXBuildFile; fileRef = E094880128816B9E0099CD4A /* CityListPresenter.swift */; };
		E094880628816C620099CD4A /* WeatherDetailsWorker.swift in Sources */ = {isa = PBXBuildFile; fileRef = E094880528816C620099CD4A /* WeatherDetailsWorker.swift */; };
		E094880B28816DC00099CD4A /* CityCell.swift in Sources */ = {isa = PBXBuildFile; fileRef = E094880A28816DC00099CD4A /* CityCell.swift */; };
		E0B6B6E22884493E0077DC3F /* DataSource.swift in Sources */ = {isa = PBXBuildFile; fileRef = E0B6B6E12884493E0077DC3F /* DataSource.swift */; };
		E0B6B6E428844E440077DC3F /* CityCell.xib in Resources */ = {isa = PBXBuildFile; fileRef = E0B6B6E328844E440077DC3F /* CityCell.xib */; };
		E0B6B6E62884629D0077DC3F /* GetWeatherInfosAPIRouter.swift in Sources */ = {isa = PBXBuildFile; fileRef = E0B6B6E52884629D0077DC3F /* GetWeatherInfosAPIRouter.swift */; };
		E0B6B6E828858C500077DC3F /* WeatherDetails.storyboard in Resources */ = {isa = PBXBuildFile; fileRef = E0B6B6E728858C500077DC3F /* WeatherDetails.storyboard */; };
		E0B6B6EA2885E7940077DC3F /* Current.swift in Sources */ = {isa = PBXBuildFile; fileRef = E0B6B6E92885E7940077DC3F /* Current.swift */; };
		E0B6B6F22885EB850077DC3F /* Weather.swift in Sources */ = {isa = PBXBuildFile; fileRef = E0B6B6F12885EB850077DC3F /* Weather.swift */; };
		E0B6B6F42885EBAE0077DC3F /* Description.swift in Sources */ = {isa = PBXBuildFile; fileRef = E0B6B6F32885EBAE0077DC3F /* Description.swift */; };
		E0B6B6F62885EBBC0077DC3F /* Main.swift in Sources */ = {isa = PBXBuildFile; fileRef = E0B6B6F52885EBBC0077DC3F /* Main.swift */; };
		E0B6B6F82885EC690077DC3F /* Temp.swift in Sources */ = {isa = PBXBuildFile; fileRef = E0B6B6F72885EC690077DC3F /* Temp.swift */; };
		E0B6B6FA2885EC8B0077DC3F /* FeelsLike.swift in Sources */ = {isa = PBXBuildFile; fileRef = E0B6B6F92885EC8B0077DC3F /* FeelsLike.swift */; };
		E0B6B6FC288614920077DC3F /* Utils.swift in Sources */ = {isa = PBXBuildFile; fileRef = E0B6B6FB288614920077DC3F /* Utils.swift */; };
/* End PBXBuildFile section */

/* Begin PBXContainerItemProxy section */
		E094873128805A6B0099CD4A /* PBXContainerItemProxy */ = {
			isa = PBXContainerItemProxy;
			containerPortal = E094870F28805A670099CD4A /* Project object */;
			proxyType = 1;
			remoteGlobalIDString = E094871628805A670099CD4A;
			remoteInfo = psaweatherconsult;
		};
		E094873B28805A6B0099CD4A /* PBXContainerItemProxy */ = {
			isa = PBXContainerItemProxy;
			containerPortal = E094870F28805A670099CD4A /* Project object */;
			proxyType = 1;
			remoteGlobalIDString = E094871628805A670099CD4A;
			remoteInfo = psaweatherconsult;
		};
/* End PBXContainerItemProxy section */

/* Begin PBXFileReference section */
		E094871728805A670099CD4A /* psaweatherconsult.app */ = {isa = PBXFileReference; explicitFileType = wrapper.application; includeInIndex = 0; path = psaweatherconsult.app; sourceTree = BUILT_PRODUCTS_DIR; };
		E094871A28805A670099CD4A /* AppDelegate.swift */ = {isa = PBXFileReference; lastKnownFileType = sourcecode.swift; path = AppDelegate.swift; sourceTree = "<group>"; };
		E094871C28805A670099CD4A /* SceneDelegate.swift */ = {isa = PBXFileReference; lastKnownFileType = sourcecode.swift; path = SceneDelegate.swift; sourceTree = "<group>"; };
		E094871E28805A670099CD4A /* CityListTableViewController.swift */ = {isa = PBXFileReference; lastKnownFileType = sourcecode.swift; path = CityListTableViewController.swift; sourceTree = "<group>"; };
		E094872128805A670099CD4A /* Base */ = {isa = PBXFileReference; lastKnownFileType = file.storyboard; name = Base; path = Base.lproj/CityList.storyboard; sourceTree = "<group>"; };
		E094872428805A670099CD4A /* psaweatherconsult.xcdatamodel */ = {isa = PBXFileReference; lastKnownFileType = wrapper.xcdatamodel; path = psaweatherconsult.xcdatamodel; sourceTree = "<group>"; };
		E094872628805A6A0099CD4A /* Assets.xcassets */ = {isa = PBXFileReference; lastKnownFileType = folder.assetcatalog; path = Assets.xcassets; sourceTree = "<group>"; };
		E094872928805A6A0099CD4A /* Base */ = {isa = PBXFileReference; lastKnownFileType = file.storyboard; name = Base; path = Base.lproj/LaunchScreen.storyboard; sourceTree = "<group>"; };
		E094872B28805A6A0099CD4A /* Info.plist */ = {isa = PBXFileReference; lastKnownFileType = text.plist.xml; path = Info.plist; sourceTree = "<group>"; };
		E094873028805A6B0099CD4A /* psaweatherconsultTests.xctest */ = {isa = PBXFileReference; explicitFileType = wrapper.cfbundle; includeInIndex = 0; path = psaweatherconsultTests.xctest; sourceTree = BUILT_PRODUCTS_DIR; };
		E094873428805A6B0099CD4A /* psaweatherconsultTests.swift */ = {isa = PBXFileReference; lastKnownFileType = sourcecode.swift; path = psaweatherconsultTests.swift; sourceTree = "<group>"; };
		E094873A28805A6B0099CD4A /* psaweatherconsultUITests.xctest */ = {isa = PBXFileReference; explicitFileType = wrapper.cfbundle; includeInIndex = 0; path = psaweatherconsultUITests.xctest; sourceTree = BUILT_PRODUCTS_DIR; };
		E094873E28805A6B0099CD4A /* psaweatherconsultUITests.swift */ = {isa = PBXFileReference; lastKnownFileType = sourcecode.swift; path = psaweatherconsultUITests.swift; sourceTree = "<group>"; };
		E094874028805A6B0099CD4A /* psaweatherconsultUITestsLaunchTests.swift */ = {isa = PBXFileReference; lastKnownFileType = sourcecode.swift; path = psaweatherconsultUITestsLaunchTests.swift; sourceTree = "<group>"; };
		E094877928807E500099CD4A /* ApplicationError.swift */ = {isa = PBXFileReference; fileEncoding = 4; lastKnownFileType = sourcecode.swift; path = ApplicationError.swift; sourceTree = "<group>"; };
		E094877A28807E500099CD4A /* Parser.swift */ = {isa = PBXFileReference; fileEncoding = 4; lastKnownFileType = sourcecode.swift; path = Parser.swift; sourceTree = "<group>"; };
		E094877C28807E500099CD4A /* RequestBuilder.swift */ = {isa = PBXFileReference; fileEncoding = 4; lastKnownFileType = sourcecode.swift; path = RequestBuilder.swift; sourceTree = "<group>"; };
		E094878E28807E500099CD4A /* GetCityInfosAPIRouter.swift */ = {isa = PBXFileReference; fileEncoding = 4; lastKnownFileType = sourcecode.swift; path = GetCityInfosAPIRouter.swift; sourceTree = "<group>"; };
		E094879028807E500099CD4A /* NetworkRouter.swift */ = {isa = PBXFileReference; fileEncoding = 4; lastKnownFileType = sourcecode.swift; path = NetworkRouter.swift; sourceTree = "<group>"; };
		E094879528807E500099CD4A /* NetworkHTTPMethod.swift */ = {isa = PBXFileReference; fileEncoding = 4; lastKnownFileType = sourcecode.swift; path = NetworkHTTPMethod.swift; sourceTree = "<group>"; };
		E094879E28807E510099CD4A /* RequestContentType.swift */ = {isa = PBXFileReference; fileEncoding = 4; lastKnownFileType = sourcecode.swift; path = RequestContentType.swift; sourceTree = "<group>"; };
		E094879F28807E510099CD4A /* APINetworkRouter.swift */ = {isa = PBXFileReference; fileEncoding = 4; lastKnownFileType = sourcecode.swift; path = APINetworkRouter.swift; sourceTree = "<group>"; };
		E09487A428807E510099CD4A /* NetworkServiceFactory.swift */ = {isa = PBXFileReference; fileEncoding = 4; lastKnownFileType = sourcecode.swift; path = NetworkServiceFactory.swift; sourceTree = "<group>"; };
		E09487A528807E510099CD4A /* NetworkService.swift */ = {isa = PBXFileReference; fileEncoding = 4; lastKnownFileType = sourcecode.swift; path = NetworkService.swift; sourceTree = "<group>"; };
		E09487A728807E510099CD4A /* NetworkManagerResponseHandler.swift */ = {isa = PBXFileReference; fileEncoding = 4; lastKnownFileType = sourcecode.swift; path = NetworkManagerResponseHandler.swift; sourceTree = "<group>"; };
		E09487A928807E510099CD4A /* Logger.swift */ = {isa = PBXFileReference; fileEncoding = 4; lastKnownFileType = sourcecode.swift; path = Logger.swift; sourceTree = "<group>"; };
		E09487AF28807E510099CD4A /* Data+Extensions.swift */ = {isa = PBXFileReference; fileEncoding = 4; lastKnownFileType = sourcecode.swift; path = "Data+Extensions.swift"; sourceTree = "<group>"; };
		E09487B228807E510099CD4A /* NetworkManager.swift */ = {isa = PBXFileReference; fileEncoding = 4; lastKnownFileType = sourcecode.swift; path = NetworkManager.swift; sourceTree = "<group>"; };
		E09487E7288080920099CD4A /* City.swift */ = {isa = PBXFileReference; lastKnownFileType = sourcecode.swift; path = City.swift; sourceTree = "<group>"; };
		E09487E92880809E0099CD4A /* CityWeather.swift */ = {isa = PBXFileReference; lastKnownFileType = sourcecode.swift; path = CityWeather.swift; sourceTree = "<group>"; };
		E09487EB288081840099CD4A /* AddCityWorker.swift */ = {isa = PBXFileReference; lastKnownFileType = sourcecode.swift; path = AddCityWorker.swift; sourceTree = "<group>"; };
		E09487ED2881574B0099CD4A /* AddCity.storyboard */ = {isa = PBXFileReference; lastKnownFileType = file.storyboard; path = AddCity.storyboard; sourceTree = "<group>"; };
		E09487EF28815C420099CD4A /* AddCityViewController.swift */ = {isa = PBXFileReference; lastKnownFileType = sourcecode.swift; path = AddCityViewController.swift; sourceTree = "<group>"; };
		E09487F12881638D0099CD4A /* Constants.swift */ = {isa = PBXFileReference; lastKnownFileType = sourcecode.swift; path = Constants.swift; sourceTree = "<group>"; };
		E09487F3288165220099CD4A /* WeatherDetailsViewController.swift */ = {isa = PBXFileReference; lastKnownFileType = sourcecode.swift; path = WeatherDetailsViewController.swift; sourceTree = "<group>"; };
		E09487F52881653C0099CD4A /* WeatherDetailsProtocol.swift */ = {isa = PBXFileReference; lastKnownFileType = sourcecode.swift; path = WeatherDetailsProtocol.swift; sourceTree = "<group>"; };
		E09487F72881654C0099CD4A /* WeatherDetailsPresenter.swift */ = {isa = PBXFileReference; lastKnownFileType = sourcecode.swift; path = WeatherDetailsPresenter.swift; sourceTree = "<group>"; };
		E09487FB28816B380099CD4A /* AddCityProtocol.swift */ = {isa = PBXFileReference; lastKnownFileType = sourcecode.swift; path = AddCityProtocol.swift; sourceTree = "<group>"; };
		E09487FD28816B4A0099CD4A /* AddCityPresenter.swift */ = {isa = PBXFileReference; lastKnownFileType = sourcecode.swift; path = AddCityPresenter.swift; sourceTree = "<group>"; };
		E09487FF28816B920099CD4A /* CityListProtocol.swift */ = {isa = PBXFileReference; lastKnownFileType = sourcecode.swift; path = CityListProtocol.swift; sourceTree = "<group>"; };
		E094880128816B9E0099CD4A /* CityListPresenter.swift */ = {isa = PBXFileReference; lastKnownFileType = sourcecode.swift; path = CityListPresenter.swift; sourceTree = "<group>"; };
		E094880528816C620099CD4A /* WeatherDetailsWorker.swift */ = {isa = PBXFileReference; lastKnownFileType = sourcecode.swift; path = WeatherDetailsWorker.swift; sourceTree = "<group>"; };
		E094880A28816DC00099CD4A /* CityCell.swift */ = {isa = PBXFileReference; lastKnownFileType = sourcecode.swift; path = CityCell.swift; sourceTree = "<group>"; };
		E0B6B6E12884493E0077DC3F /* DataSource.swift */ = {isa = PBXFileReference; lastKnownFileType = sourcecode.swift; path = DataSource.swift; sourceTree = "<group>"; };
		E0B6B6E328844E440077DC3F /* CityCell.xib */ = {isa = PBXFileReference; lastKnownFileType = file.xib; path = CityCell.xib; sourceTree = "<group>"; };
		E0B6B6E52884629D0077DC3F /* GetWeatherInfosAPIRouter.swift */ = {isa = PBXFileReference; lastKnownFileType = sourcecode.swift; path = GetWeatherInfosAPIRouter.swift; sourceTree = "<group>"; };
		E0B6B6E728858C500077DC3F /* WeatherDetails.storyboard */ = {isa = PBXFileReference; lastKnownFileType = file.storyboard; path = WeatherDetails.storyboard; sourceTree = "<group>"; };
		E0B6B6E92885E7940077DC3F /* Current.swift */ = {isa = PBXFileReference; lastKnownFileType = sourcecode.swift; path = Current.swift; sourceTree = "<group>"; };
		E0B6B6F12885EB850077DC3F /* Weather.swift */ = {isa = PBXFileReference; lastKnownFileType = sourcecode.swift; path = Weather.swift; sourceTree = "<group>"; };
		E0B6B6F32885EBAE0077DC3F /* Description.swift */ = {isa = PBXFileReference; lastKnownFileType = sourcecode.swift; path = Description.swift; sourceTree = "<group>"; };
		E0B6B6F52885EBBC0077DC3F /* Main.swift */ = {isa = PBXFileReference; lastKnownFileType = sourcecode.swift; path = Main.swift; sourceTree = "<group>"; };
		E0B6B6F72885EC690077DC3F /* Temp.swift */ = {isa = PBXFileReference; lastKnownFileType = sourcecode.swift; path = Temp.swift; sourceTree = "<group>"; };
		E0B6B6F92885EC8B0077DC3F /* FeelsLike.swift */ = {isa = PBXFileReference; lastKnownFileType = sourcecode.swift; path = FeelsLike.swift; sourceTree = "<group>"; };
		E0B6B6FB288614920077DC3F /* Utils.swift */ = {isa = PBXFileReference; lastKnownFileType = sourcecode.swift; path = Utils.swift; sourceTree = "<group>"; };
/* End PBXFileReference section */

/* Begin PBXFrameworksBuildPhase section */
		E094871428805A670099CD4A /* Frameworks */ = {
			isa = PBXFrameworksBuildPhase;
			buildActionMask = 2147483647;
			files = (
			);
			runOnlyForDeploymentPostprocessing = 0;
		};
		E094872D28805A6B0099CD4A /* Frameworks */ = {
			isa = PBXFrameworksBuildPhase;
			buildActionMask = 2147483647;
			files = (
			);
			runOnlyForDeploymentPostprocessing = 0;
		};
		E094873728805A6B0099CD4A /* Frameworks */ = {
			isa = PBXFrameworksBuildPhase;
			buildActionMask = 2147483647;
			files = (
			);
			runOnlyForDeploymentPostprocessing = 0;
		};
/* End PBXFrameworksBuildPhase section */

/* Begin PBXGroup section */
		E05DF4F22886B5C500CF27B0 /* Ressources */ = {
			isa = PBXGroup;
			children = (
				E094872628805A6A0099CD4A /* Assets.xcassets */,
				E094872828805A6A0099CD4A /* LaunchScreen.storyboard */,
			);
			path = Ressources;
			sourceTree = "<group>";
		};
		E094870E28805A670099CD4A = {
			isa = PBXGroup;
			children = (
				E094871928805A670099CD4A /* psaweatherconsult */,
				E094873328805A6B0099CD4A /* psaweatherconsultTests */,
				E094873D28805A6B0099CD4A /* psaweatherconsultUITests */,
				E094871828805A670099CD4A /* Products */,
			);
			sourceTree = "<group>";
		};
		E094871828805A670099CD4A /* Products */ = {
			isa = PBXGroup;
			children = (
				E094871728805A670099CD4A /* psaweatherconsult.app */,
				E094873028805A6B0099CD4A /* psaweatherconsultTests.xctest */,
				E094873A28805A6B0099CD4A /* psaweatherconsultUITests.xctest */,
			);
			name = Products;
			sourceTree = "<group>";
		};
		E094871928805A670099CD4A /* psaweatherconsult */ = {
			isa = PBXGroup;
			children = (
				E05DF4F22886B5C500CF27B0 /* Ressources */,
				E094875528805D090099CD4A /* Scenes */,
				E094875428805CE20099CD4A /* Utils */,
				E094875328805CD90099CD4A /* Core */,
				E094875128805CB10099CD4A /* NetworkLayer */,
				E094874E28805C7F0099CD4A /* Model */,
				E094874D28805C730099CD4A /* Workers */,
				E094871C28805A670099CD4A /* SceneDelegate.swift */,
				E094872B28805A6A0099CD4A /* Info.plist */,
				E094872328805A670099CD4A /* psaweatherconsult.xcdatamodeld */,
			);
			path = psaweatherconsult;
			sourceTree = "<group>";
		};
		E094873328805A6B0099CD4A /* psaweatherconsultTests */ = {
			isa = PBXGroup;
			children = (
				E094873428805A6B0099CD4A /* psaweatherconsultTests.swift */,
			);
			path = psaweatherconsultTests;
			sourceTree = "<group>";
		};
		E094873D28805A6B0099CD4A /* psaweatherconsultUITests */ = {
			isa = PBXGroup;
			children = (
				E094873E28805A6B0099CD4A /* psaweatherconsultUITests.swift */,
				E094874028805A6B0099CD4A /* psaweatherconsultUITestsLaunchTests.swift */,
			);
			path = psaweatherconsultUITests;
			sourceTree = "<group>";
		};
		E094874D28805C730099CD4A /* Workers */ = {
			isa = PBXGroup;
			children = (
				E09487EB288081840099CD4A /* AddCityWorker.swift */,
				E094880528816C620099CD4A /* WeatherDetailsWorker.swift */,
			);
			path = Workers;
			sourceTree = "<group>";
		};
		E094874E28805C7F0099CD4A /* Model */ = {
			isa = PBXGroup;
			children = (
				E094875028805CA20099CD4A /* Entity */,
			);
			path = Model;
			sourceTree = "<group>";
		};
		E094875028805CA20099CD4A /* Entity */ = {
			isa = PBXGroup;
			children = (
				E09487E7288080920099CD4A /* City.swift */,
				E09487E92880809E0099CD4A /* CityWeather.swift */,
				E0B6B6E92885E7940077DC3F /* Current.swift */,
				E0B6B6F12885EB850077DC3F /* Weather.swift */,
				E0B6B6F32885EBAE0077DC3F /* Description.swift */,
				E0B6B6F52885EBBC0077DC3F /* Main.swift */,
				E0B6B6F72885EC690077DC3F /* Temp.swift */,
				E0B6B6F92885EC8B0077DC3F /* FeelsLike.swift */,
			);
			path = Entity;
			sourceTree = "<group>";
		};
		E094875128805CB10099CD4A /* NetworkLayer */ = {
			isa = PBXGroup;
			children = (
				E094877928807E500099CD4A /* ApplicationError.swift */,
				E094877B28807E500099CD4A /* Builder */,
				E09487AF28807E510099CD4A /* Data+Extensions.swift */,
				E09487A928807E510099CD4A /* Logger.swift */,
				E09487B128807E510099CD4A /* Manager */,
				E094877A28807E500099CD4A /* Parser.swift */,
				E09487A628807E510099CD4A /* ResponseHandler */,
				E094878B28807E500099CD4A /* Router */,
				E09487A328807E510099CD4A /* Service */,
				E09487F12881638D0099CD4A /* Constants.swift */,
			);
			path = NetworkLayer;
			sourceTree = "<group>";
		};
		E094875328805CD90099CD4A /* Core */ = {
			isa = PBXGroup;
			children = (
				E094871A28805A670099CD4A /* AppDelegate.swift */,
			);
			path = Core;
			sourceTree = "<group>";
		};
		E094875428805CE20099CD4A /* Utils */ = {
			isa = PBXGroup;
			children = (
				E0B6B6E12884493E0077DC3F /* DataSource.swift */,
				E0B6B6FB288614920077DC3F /* Utils.swift */,
			);
			path = Utils;
			sourceTree = "<group>";
		};
		E094875528805D090099CD4A /* Scenes */ = {
			isa = PBXGroup;
			children = (
				E094875928805D730099CD4A /* CityList */,
				E094875728805D470099CD4A /* CityWeatherDetails */,
				E094875628805D180099CD4A /* AddCity */,
			);
			path = Scenes;
			sourceTree = "<group>";
		};
		E094875628805D180099CD4A /* AddCity */ = {
			isa = PBXGroup;
			children = (
				E09487ED2881574B0099CD4A /* AddCity.storyboard */,
				E09487EF28815C420099CD4A /* AddCityViewController.swift */,
				E09487FB28816B380099CD4A /* AddCityProtocol.swift */,
				E09487FD28816B4A0099CD4A /* AddCityPresenter.swift */,
			);
			path = AddCity;
			sourceTree = "<group>";
		};
		E094875728805D470099CD4A /* CityWeatherDetails */ = {
			isa = PBXGroup;
			children = (
				E09487F3288165220099CD4A /* WeatherDetailsViewController.swift */,
				E09487F52881653C0099CD4A /* WeatherDetailsProtocol.swift */,
				E09487F72881654C0099CD4A /* WeatherDetailsPresenter.swift */,
				E0B6B6E728858C500077DC3F /* WeatherDetails.storyboard */,
			);
			path = CityWeatherDetails;
			sourceTree = "<group>";
		};
		E094875928805D730099CD4A /* CityList */ = {
			isa = PBXGroup;
			children = (
				E094880928816D9D0099CD4A /* CityCell */,
				E094872028805A670099CD4A /* CityList.storyboard */,
				E094871E28805A670099CD4A /* CityListTableViewController.swift */,
				E09487FF28816B920099CD4A /* CityListProtocol.swift */,
				E094880128816B9E0099CD4A /* CityListPresenter.swift */,
			);
			path = CityList;
			sourceTree = "<group>";
		};
		E094877B28807E500099CD4A /* Builder */ = {
			isa = PBXGroup;
			children = (
				E094877C28807E500099CD4A /* RequestBuilder.swift */,
			);
			path = Builder;
			sourceTree = "<group>";
		};
		E094878B28807E500099CD4A /* Router */ = {
			isa = PBXGroup;
			children = (
				E094878E28807E500099CD4A /* GetCityInfosAPIRouter.swift */,
				E0B6B6E52884629D0077DC3F /* GetWeatherInfosAPIRouter.swift */,
				E094879028807E500099CD4A /* NetworkRouter.swift */,
				E094879528807E500099CD4A /* NetworkHTTPMethod.swift */,
				E094879E28807E510099CD4A /* RequestContentType.swift */,
				E094879F28807E510099CD4A /* APINetworkRouter.swift */,
			);
			path = Router;
			sourceTree = "<group>";
		};
		E09487A328807E510099CD4A /* Service */ = {
			isa = PBXGroup;
			children = (
				E09487A428807E510099CD4A /* NetworkServiceFactory.swift */,
				E09487A528807E510099CD4A /* NetworkService.swift */,
			);
			path = Service;
			sourceTree = "<group>";
		};
		E09487A628807E510099CD4A /* ResponseHandler */ = {
			isa = PBXGroup;
			children = (
				E09487A728807E510099CD4A /* NetworkManagerResponseHandler.swift */,
			);
			path = ResponseHandler;
			sourceTree = "<group>";
		};
		E09487B128807E510099CD4A /* Manager */ = {
			isa = PBXGroup;
			children = (
				E09487B228807E510099CD4A /* NetworkManager.swift */,
			);
			path = Manager;
			sourceTree = "<group>";
		};
		E094880928816D9D0099CD4A /* CityCell */ = {
			isa = PBXGroup;
			children = (
				E094880A28816DC00099CD4A /* CityCell.swift */,
				E0B6B6E328844E440077DC3F /* CityCell.xib */,
			);
			path = CityCell;
			sourceTree = "<group>";
		};
/* End PBXGroup section */

/* Begin PBXNativeTarget section */
		E094871628805A670099CD4A /* psaweatherconsult */ = {
			isa = PBXNativeTarget;
			buildConfigurationList = E094874428805A6B0099CD4A /* Build configuration list for PBXNativeTarget "psaweatherconsult" */;
			buildPhases = (
				E094871328805A670099CD4A /* Sources */,
				E094871428805A670099CD4A /* Frameworks */,
				E094871528805A670099CD4A /* Resources */,
			);
			buildRules = (
			);
			dependencies = (
			);
			name = psaweatherconsult;
			productName = psaweatherconsult;
			productReference = E094871728805A670099CD4A /* psaweatherconsult.app */;
			productType = "com.apple.product-type.application";
		};
		E094872F28805A6B0099CD4A /* psaweatherconsultTests */ = {
			isa = PBXNativeTarget;
			buildConfigurationList = E094874728805A6B0099CD4A /* Build configuration list for PBXNativeTarget "psaweatherconsultTests" */;
			buildPhases = (
				E094872C28805A6B0099CD4A /* Sources */,
				E094872D28805A6B0099CD4A /* Frameworks */,
				E094872E28805A6B0099CD4A /* Resources */,
			);
			buildRules = (
			);
			dependencies = (
				E094873228805A6B0099CD4A /* PBXTargetDependency */,
			);
			name = psaweatherconsultTests;
			productName = psaweatherconsultTests;
			productReference = E094873028805A6B0099CD4A /* psaweatherconsultTests.xctest */;
			productType = "com.apple.product-type.bundle.unit-test";
		};
		E094873928805A6B0099CD4A /* psaweatherconsultUITests */ = {
			isa = PBXNativeTarget;
			buildConfigurationList = E094874A28805A6B0099CD4A /* Build configuration list for PBXNativeTarget "psaweatherconsultUITests" */;
			buildPhases = (
				E094873628805A6B0099CD4A /* Sources */,
				E094873728805A6B0099CD4A /* Frameworks */,
				E094873828805A6B0099CD4A /* Resources */,
			);
			buildRules = (
			);
			dependencies = (
				E094873C28805A6B0099CD4A /* PBXTargetDependency */,
			);
			name = psaweatherconsultUITests;
			productName = psaweatherconsultUITests;
			productReference = E094873A28805A6B0099CD4A /* psaweatherconsultUITests.xctest */;
			productType = "com.apple.product-type.bundle.ui-testing";
		};
/* End PBXNativeTarget section */

/* Begin PBXProject section */
		E094870F28805A670099CD4A /* Project object */ = {
			isa = PBXProject;
			attributes = {
				BuildIndependentTargetsInParallel = 1;
				LastSwiftUpdateCheck = 1330;
				LastUpgradeCheck = 1330;
				TargetAttributes = {
					E094871628805A670099CD4A = {
						CreatedOnToolsVersion = 13.3.1;
					};
					E094872F28805A6B0099CD4A = {
						CreatedOnToolsVersion = 13.3.1;
						TestTargetID = E094871628805A670099CD4A;
					};
					E094873928805A6B0099CD4A = {
						CreatedOnToolsVersion = 13.3.1;
						TestTargetID = E094871628805A670099CD4A;
					};
				};
			};
			buildConfigurationList = E094871228805A670099CD4A /* Build configuration list for PBXProject "psaweatherconsult" */;
			compatibilityVersion = "Xcode 13.0";
			developmentRegion = en;
			hasScannedForEncodings = 0;
			knownRegions = (
				en,
				Base,
			);
			mainGroup = E094870E28805A670099CD4A;
			productRefGroup = E094871828805A670099CD4A /* Products */;
			projectDirPath = "";
			projectRoot = "";
			targets = (
				E094871628805A670099CD4A /* psaweatherconsult */,
				E094872F28805A6B0099CD4A /* psaweatherconsultTests */,
				E094873928805A6B0099CD4A /* psaweatherconsultUITests */,
			);
		};
/* End PBXProject section */

/* Begin PBXResourcesBuildPhase section */
		E094871528805A670099CD4A /* Resources */ = {
			isa = PBXResourcesBuildPhase;
			buildActionMask = 2147483647;
			files = (
				E0B6B6E428844E440077DC3F /* CityCell.xib in Resources */,
				E0B6B6E828858C500077DC3F /* WeatherDetails.storyboard in Resources */,
				E094872A28805A6A0099CD4A /* LaunchScreen.storyboard in Resources */,
				E094872728805A6A0099CD4A /* Assets.xcassets in Resources */,
				E094872228805A670099CD4A /* CityList.storyboard in Resources */,
				E09487EE2881574B0099CD4A /* AddCity.storyboard in Resources */,
			);
			runOnlyForDeploymentPostprocessing = 0;
		};
		E094872E28805A6B0099CD4A /* Resources */ = {
			isa = PBXResourcesBuildPhase;
			buildActionMask = 2147483647;
			files = (
			);
			runOnlyForDeploymentPostprocessing = 0;
		};
		E094873828805A6B0099CD4A /* Resources */ = {
			isa = PBXResourcesBuildPhase;
			buildActionMask = 2147483647;
			files = (
			);
			runOnlyForDeploymentPostprocessing = 0;
		};
/* End PBXResourcesBuildPhase section */

/* Begin PBXSourcesBuildPhase section */
		E094871328805A670099CD4A /* Sources */ = {
			isa = PBXSourcesBuildPhase;
			buildActionMask = 2147483647;
			files = (
				E0B6B6F22885EB850077DC3F /* Weather.swift in Sources */,
				E094871F28805A670099CD4A /* CityListTableViewController.swift in Sources */,
				E0B6B6FA2885EC8B0077DC3F /* FeelsLike.swift in Sources */,
				E094871B28805A670099CD4A /* AppDelegate.swift in Sources */,
				E09487F4288165220099CD4A /* WeatherDetailsViewController.swift in Sources */,
				E09487B728807E510099CD4A /* RequestBuilder.swift in Sources */,
				E09487DD28807E510099CD4A /* NetworkService.swift in Sources */,
				E094880028816B920099CD4A /* CityListProtocol.swift in Sources */,
				E0B6B6E62884629D0077DC3F /* GetWeatherInfosAPIRouter.swift in Sources */,
				E09487EA2880809E0099CD4A /* CityWeather.swift in Sources */,
				E09487DE28807E510099CD4A /* NetworkManagerResponseHandler.swift in Sources */,
				E09487F22881638D0099CD4A /* Constants.swift in Sources */,
				E09487DF28807E510099CD4A /* Logger.swift in Sources */,
				E09487F028815C420099CD4A /* AddCityViewController.swift in Sources */,
				E094872528805A670099CD4A /* psaweatherconsult.xcdatamodeld in Sources */,
				E09487DC28807E510099CD4A /* NetworkServiceFactory.swift in Sources */,
				E09487F62881653C0099CD4A /* WeatherDetailsProtocol.swift in Sources */,
				E09487D728807E510099CD4A /* RequestContentType.swift in Sources */,
				E09487FE28816B4A0099CD4A /* AddCityPresenter.swift in Sources */,
				E0B6B6FC288614920077DC3F /* Utils.swift in Sources */,
				E09487D828807E510099CD4A /* APINetworkRouter.swift in Sources */,
				E09487FC28816B380099CD4A /* AddCityProtocol.swift in Sources */,
				E094880628816C620099CD4A /* WeatherDetailsWorker.swift in Sources */,
				E09487B628807E510099CD4A /* Parser.swift in Sources */,
				E0B6B6F62885EBBC0077DC3F /* Main.swift in Sources */,
				E0B6B6F42885EBAE0077DC3F /* Description.swift in Sources */,
				E09487EC288081840099CD4A /* AddCityWorker.swift in Sources */,
				E09487E428807E510099CD4A /* Data+Extensions.swift in Sources */,
				E09487B528807E510099CD4A /* ApplicationError.swift in Sources */,
				E094880228816B9E0099CD4A /* CityListPresenter.swift in Sources */,
				E094871D28805A670099CD4A /* SceneDelegate.swift in Sources */,
				E09487F82881654C0099CD4A /* WeatherDetailsPresenter.swift in Sources */,
				E09487C728807E510099CD4A /* GetCityInfosAPIRouter.swift in Sources */,
				E094880B28816DC00099CD4A /* CityCell.swift in Sources */,
				E09487CE28807E510099CD4A /* NetworkHTTPMethod.swift in Sources */,
				E09487E628807E510099CD4A /* NetworkManager.swift in Sources */,
				E09487E8288080920099CD4A /* City.swift in Sources */,
				E0B6B6E22884493E0077DC3F /* DataSource.swift in Sources */,
				E09487C928807E510099CD4A /* NetworkRouter.swift in Sources */,
				E0B6B6EA2885E7940077DC3F /* Current.swift in Sources */,
				E0B6B6F82885EC690077DC3F /* Temp.swift in Sources */,
			);
			runOnlyForDeploymentPostprocessing = 0;
		};
		E094872C28805A6B0099CD4A /* Sources */ = {
			isa = PBXSourcesBuildPhase;
			buildActionMask = 2147483647;
			files = (
				E094873528805A6B0099CD4A /* psaweatherconsultTests.swift in Sources */,
			);
			runOnlyForDeploymentPostprocessing = 0;
		};
		E094873628805A6B0099CD4A /* Sources */ = {
			isa = PBXSourcesBuildPhase;
			buildActionMask = 2147483647;
			files = (
				E094873F28805A6B0099CD4A /* psaweatherconsultUITests.swift in Sources */,
				E094874128805A6B0099CD4A /* psaweatherconsultUITestsLaunchTests.swift in Sources */,
			);
			runOnlyForDeploymentPostprocessing = 0;
		};
/* End PBXSourcesBuildPhase section */

/* Begin PBXTargetDependency section */
		E094873228805A6B0099CD4A /* PBXTargetDependency */ = {
			isa = PBXTargetDependency;
			target = E094871628805A670099CD4A /* psaweatherconsult */;
			targetProxy = E094873128805A6B0099CD4A /* PBXContainerItemProxy */;
		};
		E094873C28805A6B0099CD4A /* PBXTargetDependency */ = {
			isa = PBXTargetDependency;
			target = E094871628805A670099CD4A /* psaweatherconsult */;
			targetProxy = E094873B28805A6B0099CD4A /* PBXContainerItemProxy */;
		};
/* End PBXTargetDependency section */

/* Begin PBXVariantGroup section */
		E094872028805A670099CD4A /* CityList.storyboard */ = {
			isa = PBXVariantGroup;
			children = (
				E094872128805A670099CD4A /* Base */,
			);
			name = CityList.storyboard;
			sourceTree = "<group>";
		};
		E094872828805A6A0099CD4A /* LaunchScreen.storyboard */ = {
			isa = PBXVariantGroup;
			children = (
				E094872928805A6A0099CD4A /* Base */,
			);
			name = LaunchScreen.storyboard;
			sourceTree = "<group>";
		};
/* End PBXVariantGroup section */

/* Begin XCBuildConfiguration section */
		E094874228805A6B0099CD4A /* Debug */ = {
			isa = XCBuildConfiguration;
			buildSettings = {
				ALWAYS_SEARCH_USER_PATHS = NO;
				CLANG_ANALYZER_NONNULL = YES;
				CLANG_ANALYZER_NUMBER_OBJECT_CONVERSION = YES_AGGRESSIVE;
				CLANG_CXX_LANGUAGE_STANDARD = "gnu++17";
				CLANG_ENABLE_MODULES = YES;
				CLANG_ENABLE_OBJC_ARC = YES;
				CLANG_ENABLE_OBJC_WEAK = YES;
				CLANG_WARN_BLOCK_CAPTURE_AUTORELEASING = YES;
				CLANG_WARN_BOOL_CONVERSION = YES;
				CLANG_WARN_COMMA = YES;
				CLANG_WARN_CONSTANT_CONVERSION = YES;
				CLANG_WARN_DEPRECATED_OBJC_IMPLEMENTATIONS = YES;
				CLANG_WARN_DIRECT_OBJC_ISA_USAGE = YES_ERROR;
				CLANG_WARN_DOCUMENTATION_COMMENTS = YES;
				CLANG_WARN_EMPTY_BODY = YES;
				CLANG_WARN_ENUM_CONVERSION = YES;
				CLANG_WARN_INFINITE_RECURSION = YES;
				CLANG_WARN_INT_CONVERSION = YES;
				CLANG_WARN_NON_LITERAL_NULL_CONVERSION = YES;
				CLANG_WARN_OBJC_IMPLICIT_RETAIN_SELF = YES;
				CLANG_WARN_OBJC_LITERAL_CONVERSION = YES;
				CLANG_WARN_OBJC_ROOT_CLASS = YES_ERROR;
				CLANG_WARN_QUOTED_INCLUDE_IN_FRAMEWORK_HEADER = YES;
				CLANG_WARN_RANGE_LOOP_ANALYSIS = YES;
				CLANG_WARN_STRICT_PROTOTYPES = YES;
				CLANG_WARN_SUSPICIOUS_MOVE = YES;
				CLANG_WARN_UNGUARDED_AVAILABILITY = YES_AGGRESSIVE;
				CLANG_WARN_UNREACHABLE_CODE = YES;
				CLANG_WARN__DUPLICATE_METHOD_MATCH = YES;
				COPY_PHASE_STRIP = NO;
				DEBUG_INFORMATION_FORMAT = dwarf;
				ENABLE_STRICT_OBJC_MSGSEND = YES;
				ENABLE_TESTABILITY = YES;
				GCC_C_LANGUAGE_STANDARD = gnu11;
				GCC_DYNAMIC_NO_PIC = NO;
				GCC_NO_COMMON_BLOCKS = YES;
				GCC_OPTIMIZATION_LEVEL = 0;
				GCC_PREPROCESSOR_DEFINITIONS = (
					"DEBUG=1",
					"$(inherited)",
				);
				GCC_WARN_64_TO_32_BIT_CONVERSION = YES;
				GCC_WARN_ABOUT_RETURN_TYPE = YES_ERROR;
				GCC_WARN_UNDECLARED_SELECTOR = YES;
				GCC_WARN_UNINITIALIZED_AUTOS = YES_AGGRESSIVE;
				GCC_WARN_UNUSED_FUNCTION = YES;
				GCC_WARN_UNUSED_VARIABLE = YES;
				IPHONEOS_DEPLOYMENT_TARGET = 15.4;
				MTL_ENABLE_DEBUG_INFO = INCLUDE_SOURCE;
				MTL_FAST_MATH = YES;
				ONLY_ACTIVE_ARCH = YES;
				SDKROOT = iphoneos;
				SWIFT_ACTIVE_COMPILATION_CONDITIONS = DEBUG;
				SWIFT_OPTIMIZATION_LEVEL = "-Onone";
			};
			name = Debug;
		};
		E094874328805A6B0099CD4A /* Release */ = {
			isa = XCBuildConfiguration;
			buildSettings = {
				ALWAYS_SEARCH_USER_PATHS = NO;
				CLANG_ANALYZER_NONNULL = YES;
				CLANG_ANALYZER_NUMBER_OBJECT_CONVERSION = YES_AGGRESSIVE;
				CLANG_CXX_LANGUAGE_STANDARD = "gnu++17";
				CLANG_ENABLE_MODULES = YES;
				CLANG_ENABLE_OBJC_ARC = YES;
				CLANG_ENABLE_OBJC_WEAK = YES;
				CLANG_WARN_BLOCK_CAPTURE_AUTORELEASING = YES;
				CLANG_WARN_BOOL_CONVERSION = YES;
				CLANG_WARN_COMMA = YES;
				CLANG_WARN_CONSTANT_CONVERSION = YES;
				CLANG_WARN_DEPRECATED_OBJC_IMPLEMENTATIONS = YES;
				CLANG_WARN_DIRECT_OBJC_ISA_USAGE = YES_ERROR;
				CLANG_WARN_DOCUMENTATION_COMMENTS = YES;
				CLANG_WARN_EMPTY_BODY = YES;
				CLANG_WARN_ENUM_CONVERSION = YES;
				CLANG_WARN_INFINITE_RECURSION = YES;
				CLANG_WARN_INT_CONVERSION = YES;
				CLANG_WARN_NON_LITERAL_NULL_CONVERSION = YES;
				CLANG_WARN_OBJC_IMPLICIT_RETAIN_SELF = YES;
				CLANG_WARN_OBJC_LITERAL_CONVERSION = YES;
				CLANG_WARN_OBJC_ROOT_CLASS = YES_ERROR;
				CLANG_WARN_QUOTED_INCLUDE_IN_FRAMEWORK_HEADER = YES;
				CLANG_WARN_RANGE_LOOP_ANALYSIS = YES;
				CLANG_WARN_STRICT_PROTOTYPES = YES;
				CLANG_WARN_SUSPICIOUS_MOVE = YES;
				CLANG_WARN_UNGUARDED_AVAILABILITY = YES_AGGRESSIVE;
				CLANG_WARN_UNREACHABLE_CODE = YES;
				CLANG_WARN__DUPLICATE_METHOD_MATCH = YES;
				COPY_PHASE_STRIP = NO;
				DEBUG_INFORMATION_FORMAT = "dwarf-with-dsym";
				ENABLE_NS_ASSERTIONS = NO;
				ENABLE_STRICT_OBJC_MSGSEND = YES;
				GCC_C_LANGUAGE_STANDARD = gnu11;
				GCC_NO_COMMON_BLOCKS = YES;
				GCC_WARN_64_TO_32_BIT_CONVERSION = YES;
				GCC_WARN_ABOUT_RETURN_TYPE = YES_ERROR;
				GCC_WARN_UNDECLARED_SELECTOR = YES;
				GCC_WARN_UNINITIALIZED_AUTOS = YES_AGGRESSIVE;
				GCC_WARN_UNUSED_FUNCTION = YES;
				GCC_WARN_UNUSED_VARIABLE = YES;
				IPHONEOS_DEPLOYMENT_TARGET = 15.4;
				MTL_ENABLE_DEBUG_INFO = NO;
				MTL_FAST_MATH = YES;
				SDKROOT = iphoneos;
				SWIFT_COMPILATION_MODE = wholemodule;
				SWIFT_OPTIMIZATION_LEVEL = "-O";
				VALIDATE_PRODUCT = YES;
			};
			name = Release;
		};
		E094874528805A6B0099CD4A /* Debug */ = {
			isa = XCBuildConfiguration;
			buildSettings = {
				ASSETCATALOG_COMPILER_APPICON_NAME = AppIcon;
				ASSETCATALOG_COMPILER_GLOBAL_ACCENT_COLOR_NAME = AccentColor;
				CODE_SIGN_IDENTITY = "Apple Development";
				CODE_SIGN_STYLE = Manual;
				CURRENT_PROJECT_VERSION = 1;
				DEVELOPMENT_TEAM = "";
				GENERATE_INFOPLIST_FILE = YES;
				INFOPLIST_FILE = psaweatherconsult/Info.plist;
				INFOPLIST_KEY_CFBundleDisplayName = "Weather Consult";
				INFOPLIST_KEY_UIApplicationSupportsIndirectInputEvents = YES;
				INFOPLIST_KEY_UILaunchStoryboardName = LaunchScreen;
				INFOPLIST_KEY_UIMainStoryboardFile = CityList;
				INFOPLIST_KEY_UISupportedInterfaceOrientations = UIInterfaceOrientationPortrait;
				INFOPLIST_KEY_UISupportedInterfaceOrientations_iPad = "UIInterfaceOrientationPortrait UIInterfaceOrientationPortraitUpsideDown UIInterfaceOrientationLandscapeLeft UIInterfaceOrientationLandscapeRight";
				INFOPLIST_KEY_UISupportedInterfaceOrientations_iPhone = "UIInterfaceOrientationPortrait UIInterfaceOrientationLandscapeLeft UIInterfaceOrientationLandscapeRight";
				LD_RUNPATH_SEARCH_PATHS = (
					"$(inherited)",
					"@executable_path/Frameworks",
				);
				MARKETING_VERSION = 1.0;
				PRODUCT_BUNDLE_IDENTIFIER = com.psa.psaweatherconsult;
				PRODUCT_NAME = "$(TARGET_NAME)";
				PROVISIONING_PROFILE_SPECIFIER = "";
				SWIFT_EMIT_LOC_STRINGS = YES;
				SWIFT_VERSION = 5.0;
				TARGETED_DEVICE_FAMILY = 1;
			};
			name = Debug;
		};
		E094874628805A6B0099CD4A /* Release */ = {
			isa = XCBuildConfiguration;
			buildSettings = {
				ASSETCATALOG_COMPILER_APPICON_NAME = AppIcon;
				ASSETCATALOG_COMPILER_GLOBAL_ACCENT_COLOR_NAME = AccentColor;
				CODE_SIGN_IDENTITY = "Apple Development";
				CODE_SIGN_STYLE = Manual;
				CURRENT_PROJECT_VERSION = 1;
				DEVELOPMENT_TEAM = "";
				GENERATE_INFOPLIST_FILE = YES;
				INFOPLIST_FILE = psaweatherconsult/Info.plist;
				INFOPLIST_KEY_CFBundleDisplayName = "Weather Consult";
				INFOPLIST_KEY_UIApplicationSupportsIndirectInputEvents = YES;
				INFOPLIST_KEY_UILaunchStoryboardName = LaunchScreen;
				INFOPLIST_KEY_UIMainStoryboardFile = CityList;
				INFOPLIST_KEY_UISupportedInterfaceOrientations = UIInterfaceOrientationPortrait;
				INFOPLIST_KEY_UISupportedInterfaceOrientations_iPad = "UIInterfaceOrientationPortrait UIInterfaceOrientationPortraitUpsideDown UIInterfaceOrientationLandscapeLeft UIInterfaceOrientationLandscapeRight";
				INFOPLIST_KEY_UISupportedInterfaceOrientations_iPhone = "UIInterfaceOrientationPortrait UIInterfaceOrientationLandscapeLeft UIInterfaceOrientationLandscapeRight";
				LD_RUNPATH_SEARCH_PATHS = (
					"$(inherited)",
					"@executable_path/Frameworks",
				);
				MARKETING_VERSION = 1.0;
				PRODUCT_BUNDLE_IDENTIFIER = com.psa.psaweatherconsult;
				PRODUCT_NAME = "$(TARGET_NAME)";
				PROVISIONING_PROFILE_SPECIFIER = "";
				SWIFT_EMIT_LOC_STRINGS = YES;
				SWIFT_VERSION = 5.0;
				TARGETED_DEVICE_FAMILY = 1;
			};
			name = Release;
		};
		E094874828805A6B0099CD4A /* Debug */ = {
			isa = XCBuildConfiguration;
			buildSettings = {
				ALWAYS_EMBED_SWIFT_STANDARD_LIBRARIES = YES;
				BUNDLE_LOADER = "$(TEST_HOST)";
				CODE_SIGN_STYLE = Automatic;
				CURRENT_PROJECT_VERSION = 1;
				DEVELOPMENT_TEAM = WHD46HRQGM;
				GENERATE_INFOPLIST_FILE = YES;
				IPHONEOS_DEPLOYMENT_TARGET = 15.4;
				MARKETING_VERSION = 1.0;
				PRODUCT_BUNDLE_IDENTIFIER = com.psa.psaweatherconsultTests;
				PRODUCT_NAME = "$(TARGET_NAME)";
				SWIFT_EMIT_LOC_STRINGS = NO;
				SWIFT_VERSION = 5.0;
				TARGETED_DEVICE_FAMILY = "1,2";
				TEST_HOST = "$(BUILT_PRODUCTS_DIR)/psaweatherconsult.app/psaweatherconsult";
			};
			name = Debug;
		};
		E094874928805A6B0099CD4A /* Release */ = {
			isa = XCBuildConfiguration;
			buildSettings = {
				ALWAYS_EMBED_SWIFT_STANDARD_LIBRARIES = YES;
				BUNDLE_LOADER = "$(TEST_HOST)";
				CODE_SIGN_STYLE = Automatic;
				CURRENT_PROJECT_VERSION = 1;
				DEVELOPMENT_TEAM = WHD46HRQGM;
				GENERATE_INFOPLIST_FILE = YES;
				IPHONEOS_DEPLOYMENT_TARGET = 15.4;
				MARKETING_VERSION = 1.0;
				PRODUCT_BUNDLE_IDENTIFIER = com.psa.psaweatherconsultTests;
				PRODUCT_NAME = "$(TARGET_NAME)";
				SWIFT_EMIT_LOC_STRINGS = NO;
				SWIFT_VERSION = 5.0;
				TARGETED_DEVICE_FAMILY = "1,2";
				TEST_HOST = "$(BUILT_PRODUCTS_DIR)/psaweatherconsult.app/psaweatherconsult";
			};
			name = Release;
		};
		E094874B28805A6B0099CD4A /* Debug */ = {
			isa = XCBuildConfiguration;
			buildSettings = {
				ALWAYS_EMBED_SWIFT_STANDARD_LIBRARIES = YES;
				CODE_SIGN_STYLE = Automatic;
				CURRENT_PROJECT_VERSION = 1;
				DEVELOPMENT_TEAM = WHD46HRQGM;
				GENERATE_INFOPLIST_FILE = YES;
				MARKETING_VERSION = 1.0;
				PRODUCT_BUNDLE_IDENTIFIER = com.psa.psaweatherconsultUITests;
				PRODUCT_NAME = "$(TARGET_NAME)";
				SWIFT_EMIT_LOC_STRINGS = NO;
				SWIFT_VERSION = 5.0;
				TARGETED_DEVICE_FAMILY = "1,2";
				TEST_TARGET_NAME = psaweatherconsult;
			};
			name = Debug;
		};
		E094874C28805A6B0099CD4A /* Release */ = {
			isa = XCBuildConfiguration;
			buildSettings = {
				ALWAYS_EMBED_SWIFT_STANDARD_LIBRARIES = YES;
				CODE_SIGN_STYLE = Automatic;
				CURRENT_PROJECT_VERSION = 1;
				DEVELOPMENT_TEAM = WHD46HRQGM;
				GENERATE_INFOPLIST_FILE = YES;
				MARKETING_VERSION = 1.0;
				PRODUCT_BUNDLE_IDENTIFIER = com.psa.psaweatherconsultUITests;
				PRODUCT_NAME = "$(TARGET_NAME)";
				SWIFT_EMIT_LOC_STRINGS = NO;
				SWIFT_VERSION = 5.0;
				TARGETED_DEVICE_FAMILY = "1,2";
				TEST_TARGET_NAME = psaweatherconsult;
			};
			name = Release;
		};
/* End XCBuildConfiguration section */

/* Begin XCConfigurationList section */
		E094871228805A670099CD4A /* Build configuration list for PBXProject "psaweatherconsult" */ = {
			isa = XCConfigurationList;
			buildConfigurations = (
				E094874228805A6B0099CD4A /* Debug */,
				E094874328805A6B0099CD4A /* Release */,
			);
			defaultConfigurationIsVisible = 0;
			defaultConfigurationName = Release;
		};
		E094874428805A6B0099CD4A /* Build configuration list for PBXNativeTarget "psaweatherconsult" */ = {
			isa = XCConfigurationList;
			buildConfigurations = (
				E094874528805A6B0099CD4A /* Debug */,
				E094874628805A6B0099CD4A /* Release */,
			);
			defaultConfigurationIsVisible = 0;
			defaultConfigurationName = Release;
		};
		E094874728805A6B0099CD4A /* Build configuration list for PBXNativeTarget "psaweatherconsultTests" */ = {
			isa = XCConfigurationList;
			buildConfigurations = (
				E094874828805A6B0099CD4A /* Debug */,
				E094874928805A6B0099CD4A /* Release */,
			);
			defaultConfigurationIsVisible = 0;
			defaultConfigurationName = Release;
		};
		E094874A28805A6B0099CD4A /* Build configuration list for PBXNativeTarget "psaweatherconsultUITests" */ = {
			isa = XCConfigurationList;
			buildConfigurations = (
				E094874B28805A6B0099CD4A /* Debug */,
				E094874C28805A6B0099CD4A /* Release */,
			);
			defaultConfigurationIsVisible = 0;
			defaultConfigurationName = Release;
		};
/* End XCConfigurationList section */

/* Begin XCVersionGroup section */
		E094872328805A670099CD4A /* psaweatherconsult.xcdatamodeld */ = {
			isa = XCVersionGroup;
			children = (
				E094872428805A670099CD4A /* psaweatherconsult.xcdatamodel */,
			);
			currentVersion = E094872428805A670099CD4A /* psaweatherconsult.xcdatamodel */;
			path = psaweatherconsult.xcdatamodeld;
			sourceTree = "<group>";
			versionGroupType = wrapper.xcdatamodel;
		};
/* End XCVersionGroup section */
	};
	rootObject = E094870F28805A670099CD4A /* Project object */;
}
